PODS:
  - Localytics (6.2.2)
  - WexerContentSDK (2.1.0):
    - Localytics (~> 6.0)

DEPENDENCIES:
  - WexerContentSDK (from `../WexerContentSDK.podspec`)

SPEC REPOS:
  trunk:
    - Localytics

EXTERNAL SOURCES:
  WexerContentSDK:
    :path: "../WexerContentSDK.podspec"

SPEC CHECKSUMS:
  Localytics: a2564f15ea4252bb0bfe35e5085262057029e3b0
  WexerContentSDK: d3256c60e58614205995092d16770a8ff988cec0

PODFILE CHECKSUM: 157015cbde433a6c1ab80f3ae8f5f1b6cc2ede73

COCOAPODS: 1.11.2
